
Microsoft Visual Studio Solution File, Format Version 12.00
# Visual Studio Version 17
VisualStudioVersion = 17.14.36414.22 d17.14
MinimumVisualStudioVersion = 10.0.40219.1
Project("{FAE04EC0-301F-11D3-BF4B-00C04F79EFBC}") = "TinyHaven.Api", "TinyHaven.Api\TinyHaven.Api.csproj", "{027FE81A-90C6-4176-AA0F-367853F6D0A0}"
EndProject
Global
	GlobalSection(SolutionConfigurationPlatforms) = preSolution
		Debug|Any CPU = Debug|Any CPU
		Release|Any CPU = Release|Any CPU
	EndGlobalSection
	GlobalSection(ProjectConfigurationPlatforms) = postSolution
		{027FE81A-90C6-4176-AA0F-367853F6D0A0}.Debug|Any CPU.ActiveCfg = Debug|Any CPU
		{027FE81A-90C6-4176-AA0F-367853F6D0A0}.Debug|Any CPU.Build.0 = Debug|Any CPU
		{027FE81A-90C6-4176-AA0F-367853F6D0A0}.Release|Any CPU.ActiveCfg = Release|Any CPU
		{027FE81A-90C6-4176-AA0F-367853F6D0A0}.Release|Any CPU.Build.0 = Release|Any CPU
	EndGlobalSection
	GlobalSection(SolutionProperties) = preSolution
		HideSolutionNode = FALSE
	EndGlobalSection
	GlobalSection(ExtensibilityGlobals) = postSolution
		SolutionGuid = {0D2C3EA8-F4A1-418F-B6C8-913A10154E3B}
	EndGlobalSection
EndGlobal
